
Microsoft Visual Studio Solution File, Format Version 12.00
# Visual Studio Version 17
VisualStudioVersion = 17.5.002.0
MinimumVisualStudioVersion = 10.0.40219.1
Project("{9A19103F-16F7-4668-BE54-9A1E7A4F7556}") = "cinemaApi", "cinemaApi.csproj", "{28994F95-2A70-4B22-947E-6F349BDA43DA}"
EndProject
Global
	GlobalSection(SolutionConfigurationPlatforms) = preSolution
		Debug|Any CPU = Debug|Any CPU
		Release|Any CPU = Release|Any CPU
	EndGlobalSection
	GlobalSection(ProjectConfigurationPlatforms) = postSolution
		{28994F95-2A70-4B22-947E-6F349BDA43DA}.Debug|Any CPU.ActiveCfg = Debug|Any CPU
		{28994F95-2A70-4B22-947E-6F349BDA43DA}.Debug|Any CPU.Build.0 = Debug|Any CPU
		{28994F95-2A70-4B22-947E-6F349BDA43DA}.Release|Any CPU.ActiveCfg = Release|Any CPU
		{28994F95-2A70-4B22-947E-6F349BDA43DA}.Release|Any CPU.Build.0 = Release|Any CPU
	EndGlobalSection
	GlobalSection(SolutionProperties) = preSolution
		HideSolutionNode = FALSE
	EndGlobalSection
	GlobalSection(ExtensibilityGlobals) = postSolution
		SolutionGuid = {998C3101-7617-4CE4-A75A-E71F9928E01D}
	EndGlobalSection
EndGlobal
